PODS:
  - WebkitViewController (0.1.15)

DEPENDENCIES:
  - WebkitViewController (from `../`)

EXTERNAL SOURCES:
  WebkitViewController:
    :path: "../"

SPEC CHECKSUMS:
  WebkitViewController: 68c78e3dee8264fa5534d0593dbd98b3e2206d2e

PODFILE CHECKSUM: 49894739a4614ddaa9ed84feca5588748bd45bb6

COCOAPODS: 1.10.1
